{
    "_readme": [
        "This file locks the dependencies of your project to a known state",
        "Read more about it at https://getcomposer.org/doc/01-basic-usage.md#composer-lock-the-lock-file",
        "This file is @generated automatically"
    ],
    "hash": "0f58b65b1d9c69b4d5018ebac1c44167",
    "packages": [
        {
            "name": "bolt/disqus",
            "version": "v1.3.2",
            "source": {
                "type": "git",
                "url": "https://github.com/bolt/Disqus.git",
                "reference": "52a04644cb2384679ff8382ec40cedce0aef7fef"
            },
            "dist": {
                "type": "zip",
                "url": "https://api.github.com/repos/bolt/Disqus/zipball/52a04644cb2384679ff8382ec40cedce0aef7fef",
                "reference": "52a04644cb2384679ff8382ec40cedce0aef7fef",
                "shasum": ""
            },
            "require": {
                "bolt/bolt": ">=2.0.0,<3.0.0"
            },
            "type": "bolt-extension",
            "extra": {
                "bolt-icon": "assets/disqus.png"
            },
            "autoload": {
                "files": [
                    "init.php"
                ],
                "psr-4": {
                    "Bolt\\Extension\\Bolt\\Disqus\\": ""
                }
            },
            "license": [
                "MIT"
            ],
            "authors": [
                {
                    "name": "Bob den Otter",
                    "email": "bob@twokings.nl"
                }
            ],
            "description": "The 'Disqus' extension inserts a Disqus comment thread in your templates.",
            "keywords": [
                "comments",
                "disqus"
            ],
            "support": {
                "source": "https://github.com/bolt/Disqus/tree/v1.3.2",
                "issues": "https://github.com/bolt/Disqus/issues"
            },
            "time": "2015-08-27 09:44:04"
        }
    ],
    "packages-dev": [],
    "aliases": [],
    "minimum-stability": "stable",
    "stability-flags": [],
    "prefer-stable": true,
    "prefer-lowest": false,
    "platform": [],
    "platform-dev": []
}
